
Microsoft Visual Studio Solution File, Format Version 12.00
# Visual Studio Version 17
VisualStudioVersion = 17.0.31912.275
MinimumVisualStudioVersion = 10.0.40219.1
Project("{FAE04EC0-301F-11D3-BF4B-00C04F79EFBC}") = "Freq1", "Freq1.csproj", "{B4F744FA-9969-40A6-A42A-94A0A94AD52C}"
EndProject
Global
	GlobalSection(SolutionConfigurationPlatforms) = preSolution
		Debug|Any CPU = Debug|Any CPU
		Release|Any CPU = Release|Any CPU
	EndGlobalSection
	GlobalSection(ProjectConfigurationPlatforms) = postSolution
		{B4F744FA-9969-40A6-A42A-94A0A94AD52C}.Debug|Any CPU.ActiveCfg = Debug|Any CPU
		{B4F744FA-9969-40A6-A42A-94A0A94AD52C}.Debug|Any CPU.Build.0 = Debug|Any CPU
		{B4F744FA-9969-40A6-A42A-94A0A94AD52C}.Release|Any CPU.ActiveCfg = Release|Any CPU
		{B4F744FA-9969-40A6-A42A-94A0A94AD52C}.Release|Any CPU.Build.0 = Release|Any CPU
	EndGlobalSection
	GlobalSection(SolutionProperties) = preSolution
		HideSolutionNode = FALSE
	EndGlobalSection
	GlobalSection(ExtensibilityGlobals) = postSolution
		SolutionGuid = {124A3F9F-8F09-4663-9144-491701B004A5}
	EndGlobalSection
EndGlobal
