
Microsoft Visual Studio Solution File, Format Version 12.00
# Visual Studio Version 17
VisualStudioVersion = 17.0.31912.275
MinimumVisualStudioVersion = 10.0.40219.1
Project("{FAE04EC0-301F-11D3-BF4B-00C04F79EFBC}") = "2018_PAPP1", "2018_PAPP1.csproj", "{3B56C774-1A3E-44C3-A73E-849A0F125FD7}"
EndProject
Global
	GlobalSection(SolutionConfigurationPlatforms) = preSolution
		Debug|Any CPU = Debug|Any CPU
		Release|Any CPU = Release|Any CPU
	EndGlobalSection
	GlobalSection(ProjectConfigurationPlatforms) = postSolution
		{3B56C774-1A3E-44C3-A73E-849A0F125FD7}.Debug|Any CPU.ActiveCfg = Debug|Any CPU
		{3B56C774-1A3E-44C3-A73E-849A0F125FD7}.Debug|Any CPU.Build.0 = Debug|Any CPU
		{3B56C774-1A3E-44C3-A73E-849A0F125FD7}.Release|Any CPU.ActiveCfg = Release|Any CPU
		{3B56C774-1A3E-44C3-A73E-849A0F125FD7}.Release|Any CPU.Build.0 = Release|Any CPU
	EndGlobalSection
	GlobalSection(SolutionProperties) = preSolution
		HideSolutionNode = FALSE
	EndGlobalSection
	GlobalSection(ExtensibilityGlobals) = postSolution
		SolutionGuid = {E0E9B3FC-E257-40C6-AB76-529AD4752EF2}
	EndGlobalSection
EndGlobal
