
Microsoft Visual Studio Solution File, Format Version 12.00
# Visual Studio Version 17
VisualStudioVersion = 17.0.31903.59
MinimumVisualStudioVersion = 10.0.40219.1
Project("{FAE04EC0-301F-11D3-BF4B-00C04F79EFBC}") = "2020_PAPP1", "2020_PAPP1.csproj", "{B0A116F1-A4F2-4C99-92BD-10951F1873E3}"
EndProject
Global
	GlobalSection(SolutionConfigurationPlatforms) = preSolution
		Debug|Any CPU = Debug|Any CPU
		Release|Any CPU = Release|Any CPU
	EndGlobalSection
	GlobalSection(ProjectConfigurationPlatforms) = postSolution
		{B0A116F1-A4F2-4C99-92BD-10951F1873E3}.Debug|Any CPU.ActiveCfg = Debug|Any CPU
		{B0A116F1-A4F2-4C99-92BD-10951F1873E3}.Debug|Any CPU.Build.0 = Debug|Any CPU
		{B0A116F1-A4F2-4C99-92BD-10951F1873E3}.Release|Any CPU.ActiveCfg = Release|Any CPU
		{B0A116F1-A4F2-4C99-92BD-10951F1873E3}.Release|Any CPU.Build.0 = Release|Any CPU
	EndGlobalSection
	GlobalSection(SolutionProperties) = preSolution
		HideSolutionNode = FALSE
	EndGlobalSection
	GlobalSection(ExtensibilityGlobals) = postSolution
		SolutionGuid = {A3F45A6C-7006-4816-976B-B03D544E4624}
	EndGlobalSection
EndGlobal
