
Microsoft Visual Studio Solution File, Format Version 12.00
# Visual Studio Version 16
VisualStudioVersion = 16.0.31729.503
MinimumVisualStudioVersion = 10.0.40219.1
Project("{FAE04EC0-301F-11D3-BF4B-00C04F79EFBC}") = "Aula2", "Aula2.csproj", "{BBCE9405-E092-4748-BF3F-DF8D7D2C4EF0}"
EndProject
Global
	GlobalSection(SolutionConfigurationPlatforms) = preSolution
		Debug|Any CPU = Debug|Any CPU
		Release|Any CPU = Release|Any CPU
	EndGlobalSection
	GlobalSection(ProjectConfigurationPlatforms) = postSolution
		{BBCE9405-E092-4748-BF3F-DF8D7D2C4EF0}.Debug|Any CPU.ActiveCfg = Debug|Any CPU
		{BBCE9405-E092-4748-BF3F-DF8D7D2C4EF0}.Debug|Any CPU.Build.0 = Debug|Any CPU
		{BBCE9405-E092-4748-BF3F-DF8D7D2C4EF0}.Release|Any CPU.ActiveCfg = Release|Any CPU
		{BBCE9405-E092-4748-BF3F-DF8D7D2C4EF0}.Release|Any CPU.Build.0 = Release|Any CPU
	EndGlobalSection
	GlobalSection(SolutionProperties) = preSolution
		HideSolutionNode = FALSE
	EndGlobalSection
	GlobalSection(ExtensibilityGlobals) = postSolution
		SolutionGuid = {7CAFD92D-D44A-42EB-85B7-FCD33054E051}
	EndGlobalSection
EndGlobal
